// !$*UTF8*$!
{
	archiveVersion = 1;
	classes = {
	};
	objectVersion = 70;
	objects = {

/* Begin PBXBuildFile section */
		7171E3742F6F8F7B0034B4AA /* onnxruntime in Frameworks */ = {isa = PBXBuildFile; productRef = 7171E3732F6F8F7B0034B4AA /* onnxruntime */; };
		7171E3762F6F8F7B0034B4AA /* onnxruntime_extensions in Frameworks */ = {isa = PBXBuildFile; productRef = 7171E3752F6F8F7B0034B4AA /* onnxruntime_extensions */; };
		7171E3782F6F8FF10034B4AA /* silero_vad.onnx in Resources */ = {isa = PBXBuildFile; fileRef = 7171E3772F6F8FF10034B4AA /* silero_vad.onnx */; };
		7171E3802F6FA7DC0034B4AA /* MoonshineVoice in Frameworks */ = {isa = PBXBuildFile; productRef = 7171E37F2F6FA7DC0034B4AA /* MoonshineVoice */; };
		7171E3822F6FA8A70034B4AA /* TranscriptionProvider.swift in Sources */ = {isa = PBXBuildFile; fileRef = 7171E3812F6FA8A70034B4AA /* TranscriptionProvider.swift */; };
		7171E3842F6FA8BE0034B4AA /* MoonshineTranscriber.swift in Sources */ = {isa = PBXBuildFile; fileRef = 7171E3832F6FA8BE0034B4AA /* MoonshineTranscriber.swift */; };
		7171E3862F6FA8D40034B4AA /* TranscriptOverlayView.swift in Sources */ = {isa = PBXBuildFile; fileRef = 7171E3852F6FA8D40034B4AA /* TranscriptOverlayView.swift */; };
		A10000010000000000000001 /* ActiveSpeakerApp.swift in Sources */ = {isa = PBXBuildFile; fileRef = A20000010000000000000001 /* ActiveSpeakerApp.swift */; };
		A10000020000000000000002 /* ContentView.swift in Sources */ = {isa = PBXBuildFile; fileRef = A20000020000000000000002 /* ContentView.swift */; };
		A10000030000000000000003 /* StatusOverlayView.swift in Sources */ = {isa = PBXBuildFile; fileRef = A20000030000000000000003 /* StatusOverlayView.swift */; };
		A10000040000000000000004 /* CaptureManager.swift in Sources */ = {isa = PBXBuildFile; fileRef = A20000040000000000000004 /* CaptureManager.swift */; };
		A10000050000000000000005 /* CameraPreviewView.swift in Sources */ = {isa = PBXBuildFile; fileRef = A20000050000000000000005 /* CameraPreviewView.swift */; };
		A10000060000000000000006 /* AudioProcessor.swift in Sources */ = {isa = PBXBuildFile; fileRef = A20000060000000000000006 /* AudioProcessor.swift */; };
		A10000070000000000000007 /* VideoProcessor.swift in Sources */ = {isa = PBXBuildFile; fileRef = A20000070000000000000007 /* VideoProcessor.swift */; };
		A10000080000000000000008 /* FusionEngine.swift in Sources */ = {isa = PBXBuildFile; fileRef = A20000080000000000000008 /* FusionEngine.swift */; };
		A10000090000000000000009 /* PipelineCoordinator.swift in Sources */ = {isa = PBXBuildFile; fileRef = A20000090000000000000009 /* PipelineCoordinator.swift */; };
		A1000010000000000000000A /* SileroVADProcessor.swift in Sources */ = {isa = PBXBuildFile; fileRef = A2000010000000000000000A /* SileroVADProcessor.swift */; };
		A1000011000000000000000B /* MouthMovementProcessor.swift in Sources */ = {isa = PBXBuildFile; fileRef = A2000011000000000000000B /* MouthMovementProcessor.swift */; };
		A1000012000000000000000C /* SpeakerState.swift in Sources */ = {isa = PBXBuildFile; fileRef = A2000012000000000000000C /* SpeakerState.swift */; };
		A1000013000000000000000D /* RollingBuffer.swift in Sources */ = {isa = PBXBuildFile; fileRef = A2000013000000000000000D /* RollingBuffer.swift */; };
		B10000010000000000000001 /* IdentifiedFace.swift in Sources */ = {isa = PBXBuildFile; fileRef = B20000010000000000000001 /* IdentifiedFace.swift */; };
		B10000020000000000000002 /* FaceGallery.swift in Sources */ = {isa = PBXBuildFile; fileRef = B20000020000000000000002 /* FaceGallery.swift */; };
		B10000030000000000000003 /* FaceDetectionProvider.swift in Sources */ = {isa = PBXBuildFile; fileRef = B20000030000000000000003 /* FaceDetectionProvider.swift */; };
		B10000040000000000000004 /* FaceEmbeddingProcessor.swift in Sources */ = {isa = PBXBuildFile; fileRef = B20000040000000000000004 /* FaceEmbeddingProcessor.swift */; };
		B10000050000000000000005 /* FaceOverlayView.swift in Sources */ = {isa = PBXBuildFile; fileRef = B20000050000000000000005 /* FaceOverlayView.swift */; };
		B10000060000000000000006 /* EnrollmentView.swift in Sources */ = {isa = PBXBuildFile; fileRef = B20000060000000000000006 /* EnrollmentView.swift */; };
		B10000070000000000000007 /* MobileFaceNet.mlpackage in Sources */ = {isa = PBXBuildFile; fileRef = B20000070000000000000007 /* MobileFaceNet.mlpackage */; };
/* End PBXBuildFile section */

/* Begin PBXFileReference section */
		7171E3772F6F8FF10034B4AA /* silero_vad.onnx */ = {isa = PBXFileReference; lastKnownFileType = file; path = silero_vad.onnx; sourceTree = "<group>"; };
		7171E3812F6FA8A70034B4AA /* TranscriptionProvider.swift */ = {isa = PBXFileReference; lastKnownFileType = sourcecode.swift; path = TranscriptionProvider.swift; sourceTree = "<group>"; };
		7171E3832F6FA8BE0034B4AA /* MoonshineTranscriber.swift */ = {isa = PBXFileReference; lastKnownFileType = sourcecode.swift; path = MoonshineTranscriber.swift; sourceTree = "<group>"; };
		7171E3852F6FA8D40034B4AA /* TranscriptOverlayView.swift */ = {isa = PBXFileReference; lastKnownFileType = sourcecode.swift; path = TranscriptOverlayView.swift; sourceTree = "<group>"; };
		A20000010000000000000001 /* ActiveSpeakerApp.swift */ = {isa = PBXFileReference; lastKnownFileType = sourcecode.swift; path = ActiveSpeakerApp.swift; sourceTree = "<group>"; };
		A20000020000000000000002 /* ContentView.swift */ = {isa = PBXFileReference; lastKnownFileType = sourcecode.swift; path = ContentView.swift; sourceTree = "<group>"; };
		A20000030000000000000003 /* StatusOverlayView.swift */ = {isa = PBXFileReference; lastKnownFileType = sourcecode.swift; path = StatusOverlayView.swift; sourceTree = "<group>"; };
		A20000040000000000000004 /* CaptureManager.swift */ = {isa = PBXFileReference; lastKnownFileType = sourcecode.swift; path = CaptureManager.swift; sourceTree = "<group>"; };
		A20000050000000000000005 /* CameraPreviewView.swift */ = {isa = PBXFileReference; lastKnownFileType = sourcecode.swift; path = CameraPreviewView.swift; sourceTree = "<group>"; };
		A20000060000000000000006 /* AudioProcessor.swift */ = {isa = PBXFileReference; lastKnownFileType = sourcecode.swift; path = AudioProcessor.swift; sourceTree = "<group>"; };
		A20000070000000000000007 /* VideoProcessor.swift */ = {isa = PBXFileReference; lastKnownFileType = sourcecode.swift; path = VideoProcessor.swift; sourceTree = "<group>"; };
		A20000080000000000000008 /* FusionEngine.swift */ = {isa = PBXFileReference; lastKnownFileType = sourcecode.swift; path = FusionEngine.swift; sourceTree = "<group>"; };
		A20000090000000000000009 /* PipelineCoordinator.swift */ = {isa = PBXFileReference; lastKnownFileType = sourcecode.swift; path = PipelineCoordinator.swift; sourceTree = "<group>"; };
		A2000010000000000000000A /* SileroVADProcessor.swift */ = {isa = PBXFileReference; lastKnownFileType = sourcecode.swift; path = SileroVADProcessor.swift; sourceTree = "<group>"; };
		A2000011000000000000000B /* MouthMovementProcessor.swift */ = {isa = PBXFileReference; lastKnownFileType = sourcecode.swift; path = MouthMovementProcessor.swift; sourceTree = "<group>"; };
		A2000012000000000000000C /* SpeakerState.swift */ = {isa = PBXFileReference; lastKnownFileType = sourcecode.swift; path = SpeakerState.swift; sourceTree = "<group>"; };
		A2000013000000000000000D /* RollingBuffer.swift */ = {isa = PBXFileReference; lastKnownFileType = sourcecode.swift; path = RollingBuffer.swift; sourceTree = "<group>"; };
		A2000014000000000000000E /* Info.plist */ = {isa = PBXFileReference; lastKnownFileType = text.plist.xml; path = Info.plist; sourceTree = "<group>"; };
		A30000010000000000000001 /* ActiveSpeaker.app */ = {isa = PBXFileReference; explicitFileType = wrapper.application; includeInIndex = 0; path = ActiveSpeaker.app; sourceTree = BUILT_PRODUCTS_DIR; };
		B20000010000000000000001 /* IdentifiedFace.swift */ = {isa = PBXFileReference; lastKnownFileType = sourcecode.swift; path = IdentifiedFace.swift; sourceTree = "<group>"; };
		B20000020000000000000002 /* FaceGallery.swift */ = {isa = PBXFileReference; lastKnownFileType = sourcecode.swift; path = FaceGallery.swift; sourceTree = "<group>"; };
		B20000030000000000000003 /* FaceDetectionProvider.swift */ = {isa = PBXFileReference; lastKnownFileType = sourcecode.swift; path = FaceDetectionProvider.swift; sourceTree = "<group>"; };
		B20000040000000000000004 /* FaceEmbeddingProcessor.swift */ = {isa = PBXFileReference; lastKnownFileType = sourcecode.swift; path = FaceEmbeddingProcessor.swift; sourceTree = "<group>"; };
		B20000050000000000000005 /* FaceOverlayView.swift */ = {isa = PBXFileReference; lastKnownFileType = sourcecode.swift; path = FaceOverlayView.swift; sourceTree = "<group>"; };
		B20000060000000000000006 /* EnrollmentView.swift */ = {isa = PBXFileReference; lastKnownFileType = sourcecode.swift; path = EnrollmentView.swift; sourceTree = "<group>"; };
		B20000070000000000000007 /* MobileFaceNet.mlpackage */ = {isa = PBXFileReference; lastKnownFileType = folder.mlpackage; path = MobileFaceNet.mlpackage; sourceTree = "<group>"; };
/* End PBXFileReference section */

/* Begin PBXFileSystemSynchronizedRootGroup section */
		7171E38F2F6FA9900034B4AA /* models */ = {isa = PBXFileSystemSynchronizedRootGroup; explicitFileTypes = {}; explicitFolders = (); path = models; sourceTree = "<group>"; };
/* End PBXFileSystemSynchronizedRootGroup section */

/* Begin PBXFrameworksBuildPhase section */
		A40000010000000000000001 /* Frameworks */ = {
			isa = PBXFrameworksBuildPhase;
			buildActionMask = 2147483647;
			files = (
				7171E3762F6F8F7B0034B4AA /* onnxruntime_extensions in Frameworks */,
				7171E3742F6F8F7B0034B4AA /* onnxruntime in Frameworks */,
				7171E3802F6FA7DC0034B4AA /* MoonshineVoice in Frameworks */,
			);
			runOnlyForDeploymentPostprocessing = 0;
		};
/* End PBXFrameworksBuildPhase section */

/* Begin PBXGroup section */
		A50000010000000000000001 = {
			isa = PBXGroup;
			children = (
				A50000020000000000000002 /* ActiveSpeaker */,
				A50000090000000000000009 /* Products */,
				7171E3772F6F8FF10034B4AA /* silero_vad.onnx */,
				7171E38F2F6FA9900034B4AA /* models */,
				B20000070000000000000007 /* MobileFaceNet.mlpackage */,
			);
			sourceTree = "<group>";
		};
		A50000020000000000000002 /* ActiveSpeaker */ = {
			isa = PBXGroup;
			children = (
				A50000030000000000000003 /* App */,
				A50000040000000000000004 /* Capture */,
				A50000050000000000000005 /* Pipeline */,
				A50000060000000000000006 /* Processors */,
				A50000070000000000000007 /* Models */,
				A50000080000000000000008 /* UI */,
				A5000010000000000000000A /* Utilities */,
			);
			path = ActiveSpeaker;
			sourceTree = "<group>";
		};
		A50000030000000000000003 /* App */ = {
			isa = PBXGroup;
			children = (
				A20000010000000000000001 /* ActiveSpeakerApp.swift */,
				A2000014000000000000000E /* Info.plist */,
			);
			path = App;
			sourceTree = "<group>";
		};
		A50000040000000000000004 /* Capture */ = {
			isa = PBXGroup;
			children = (
				A20000040000000000000004 /* CaptureManager.swift */,
				A20000050000000000000005 /* CameraPreviewView.swift */,
			);
			path = Capture;
			sourceTree = "<group>";
		};
		A50000050000000000000005 /* Pipeline */ = {
			isa = PBXGroup;
			children = (
				A20000060000000000000006 /* AudioProcessor.swift */,
				A20000070000000000000007 /* VideoProcessor.swift */,
				A20000080000000000000008 /* FusionEngine.swift */,
				A20000090000000000000009 /* PipelineCoordinator.swift */,
				7171E3812F6FA8A70034B4AA /* TranscriptionProvider.swift */,
				B20000030000000000000003 /* FaceDetectionProvider.swift */,
			);
			path = Pipeline;
			sourceTree = "<group>";
		};
		A50000060000000000000006 /* Processors */ = {
			isa = PBXGroup;
			children = (
				A2000010000000000000000A /* SileroVADProcessor.swift */,
				A2000011000000000000000B /* MouthMovementProcessor.swift */,
				7171E3832F6FA8BE0034B4AA /* MoonshineTranscriber.swift */,
				B20000040000000000000004 /* FaceEmbeddingProcessor.swift */,
			);
			path = Processors;
			sourceTree = "<group>";
		};
		A50000070000000000000007 /* Models */ = {
			isa = PBXGroup;
			children = (
				A2000012000000000000000C /* SpeakerState.swift */,
				B20000010000000000000001 /* IdentifiedFace.swift */,
				B20000020000000000000002 /* FaceGallery.swift */,
			);
			path = Models;
			sourceTree = "<group>";
		};
		A50000080000000000000008 /* UI */ = {
			isa = PBXGroup;
			children = (
				A20000020000000000000002 /* ContentView.swift */,
				A20000030000000000000003 /* StatusOverlayView.swift */,
				7171E3852F6FA8D40034B4AA /* TranscriptOverlayView.swift */,
				B20000050000000000000005 /* FaceOverlayView.swift */,
				B20000060000000000000006 /* EnrollmentView.swift */,
			);
			path = UI;
			sourceTree = "<group>";
		};
		A50000090000000000000009 /* Products */ = {
			isa = PBXGroup;
			children = (
				A30000010000000000000001 /* ActiveSpeaker.app */,
			);
			name = Products;
			sourceTree = "<group>";
		};
		A5000010000000000000000A /* Utilities */ = {
			isa = PBXGroup;
			children = (
				A2000013000000000000000D /* RollingBuffer.swift */,
			);
			path = Utilities;
			sourceTree = "<group>";
		};
/* End PBXGroup section */

/* Begin PBXNativeTarget section */
		A60000010000000000000001 /* ActiveSpeaker */ = {
			isa = PBXNativeTarget;
			buildConfigurationList = A80000030000000000000003 /* Build configuration list for PBXNativeTarget "ActiveSpeaker" */;
			buildPhases = (
				A70000010000000000000001 /* Sources */,
				A40000010000000000000001 /* Frameworks */,
				A70000020000000000000002 /* Resources */,
			);
			buildRules = (
			);
			dependencies = (
			);
			fileSystemSynchronizedGroups = (
				7171E38F2F6FA9900034B4AA /* models */,
			);
			name = ActiveSpeaker;
			packageProductDependencies = (
				7171E3732F6F8F7B0034B4AA /* onnxruntime */,
				7171E3752F6F8F7B0034B4AA /* onnxruntime_extensions */,
				7171E37F2F6FA7DC0034B4AA /* MoonshineVoice */,
			);
			productName = ActiveSpeaker;
			productReference = A30000010000000000000001 /* ActiveSpeaker.app */;
			productType = "com.apple.product-type.application";
		};
/* End PBXNativeTarget section */

/* Begin PBXProject section */
		A90000010000000000000001 /* Project object */ = {
			isa = PBXProject;
			attributes = {
				BuildIndependentTargetsInParallel = 1;
				LastSwiftUpdateCheck = 1540;
				LastUpgradeCheck = 1540;
				TargetAttributes = {
					A60000010000000000000001 = {
						CreatedOnToolsVersion = 15.4;
					};
				};
			};
			buildConfigurationList = A80000010000000000000001 /* Build configuration list for PBXProject "ActiveSpeaker" */;
			compatibilityVersion = "Xcode 14.0";
			developmentRegion = en;
			hasScannedForEncodings = 0;
			knownRegions = (
				en,
				Base,
			);
			mainGroup = A50000010000000000000001;
			packageReferences = (
				7171E3722F6F8F7B0034B4AA /* XCRemoteSwiftPackageReference "onnxruntime-swift-package-manager" */,
				7171E37E2F6FA7DC0034B4AA /* XCRemoteSwiftPackageReference "moonshine-swift" */,
			);
			productRefGroup = A50000090000000000000009 /* Products */;
			projectDirPath = "";
			projectRoot = "";
			targets = (
				A60000010000000000000001 /* ActiveSpeaker */,
			);
		};
/* End PBXProject section */

/* Begin PBXResourcesBuildPhase section */
		A70000020000000000000002 /* Resources */ = {
			isa = PBXResourcesBuildPhase;
			buildActionMask = 2147483647;
			files = (
				7171E3782F6F8FF10034B4AA /* silero_vad.onnx in Resources */,
			);
			runOnlyForDeploymentPostprocessing = 0;
		};
/* End PBXResourcesBuildPhase section */

/* Begin PBXSourcesBuildPhase section */
		A70000010000000000000001 /* Sources */ = {
			isa = PBXSourcesBuildPhase;
			buildActionMask = 2147483647;
			files = (
				A10000010000000000000001 /* ActiveSpeakerApp.swift in Sources */,
				A10000020000000000000002 /* ContentView.swift in Sources */,
				A10000030000000000000003 /* StatusOverlayView.swift in Sources */,
				A10000040000000000000004 /* CaptureManager.swift in Sources */,
				A10000050000000000000005 /* CameraPreviewView.swift in Sources */,
				A10000060000000000000006 /* AudioProcessor.swift in Sources */,
				A10000070000000000000007 /* VideoProcessor.swift in Sources */,
				A10000080000000000000008 /* FusionEngine.swift in Sources */,
				A10000090000000000000009 /* PipelineCoordinator.swift in Sources */,
				A1000010000000000000000A /* SileroVADProcessor.swift in Sources */,
				A1000011000000000000000B /* MouthMovementProcessor.swift in Sources */,
				A1000012000000000000000C /* SpeakerState.swift in Sources */,
				7171E3842F6FA8BE0034B4AA /* MoonshineTranscriber.swift in Sources */,
				7171E3862F6FA8D40034B4AA /* TranscriptOverlayView.swift in Sources */,
				A1000013000000000000000D /* RollingBuffer.swift in Sources */,
				7171E3822F6FA8A70034B4AA /* TranscriptionProvider.swift in Sources */,
				B10000010000000000000001 /* IdentifiedFace.swift in Sources */,
				B10000020000000000000002 /* FaceGallery.swift in Sources */,
				B10000030000000000000003 /* FaceDetectionProvider.swift in Sources */,
				B10000040000000000000004 /* FaceEmbeddingProcessor.swift in Sources */,
				B10000050000000000000005 /* FaceOverlayView.swift in Sources */,
				B10000060000000000000006 /* EnrollmentView.swift in Sources */,
				B10000070000000000000007 /* MobileFaceNet.mlpackage in Sources */,
			);
			runOnlyForDeploymentPostprocessing = 0;
		};
/* End PBXSourcesBuildPhase section */

/* Begin XCBuildConfiguration section */
		AA0000010000000000000001 /* Debug */ = {
			isa = XCBuildConfiguration;
			buildSettings = {
				ALWAYS_SEARCH_USER_PATHS = NO;
				ASSETCATALOG_COMPILER_GENERATE_SWIFT_ASSET_SYMBOL_EXTENSIONS = YES;
				CLANG_ANALYZER_NONNULL = YES;
				CLANG_ANALYZER_NUMBER_OBJECT_CONVERSION = YES_AGGRESSIVE;
				CLANG_CXX_LANGUAGE_STANDARD = "gnu++20";
				CLANG_ENABLE_MODULES = YES;
				CLANG_ENABLE_OBJC_ARC = YES;
				CLANG_ENABLE_OBJC_WEAK = YES;
				CLANG_WARN_BLOCK_CAPTURE_AUTORELEASING = YES;
				CLANG_WARN_BOOL_CONVERSION = YES;
				CLANG_WARN_COMMA = YES;
				CLANG_WARN_CONSTANT_CONVERSION = YES;
				CLANG_WARN_DEPRECATED_OBJC_IMPLEMENTATIONS = YES;
				CLANG_WARN_DIRECT_OBJC_ISA_USAGE = YES_ERROR;
				CLANG_WARN_DOCUMENTATION_COMMENTS = YES;
				CLANG_WARN_EMPTY_BODY = YES;
				CLANG_WARN_ENUM_CONVERSION = YES;
				CLANG_WARN_INFINITE_RECURSION = YES;
				CLANG_WARN_INT_CONVERSION = YES;
				CLANG_WARN_NON_LITERAL_NULL_CONVERSION = YES;
				CLANG_WARN_OBJC_IMPLICIT_RETAIN_SELF = YES;
				CLANG_WARN_OBJC_LITERAL_CONVERSION = YES;
				CLANG_WARN_OBJC_ROOT_CLASS = YES_ERROR;
				CLANG_WARN_QUOTED_INCLUDE_IN_FRAMEWORK_HEADER = YES;
				CLANG_WARN_RANGE_LOOP_ANALYSIS = YES;
				CLANG_WARN_STRICT_PROTOTYPES = YES;
				CLANG_WARN_SUSPICIOUS_MOVE = YES;
				CLANG_WARN_UNGUARDED_AVAILABILITY = YES_AGGRESSIVE;
				CLANG_WARN_UNREACHABLE_CODE = YES;
				CLANG_WARN__DUPLICATE_METHOD_MATCH = YES;
				COPY_PHASE_STRIP = NO;
				DEBUG_INFORMATION_FORMAT = dwarf;
				ENABLE_STRICT_OBJC_MSGSEND = YES;
				ENABLE_TESTABILITY = YES;
				ENABLE_USER_SCRIPT_SANDBOXING = YES;
				GCC_C_LANGUAGE_STANDARD = gnu17;
				GCC_DYNAMIC_NO_PIC = NO;
				GCC_NO_COMMON_BLOCKS = YES;
				GCC_OPTIMIZATION_LEVEL = 0;
				GCC_PREPROCESSOR_DEFINITIONS = (
					"DEBUG=1",
					"$(inherited)",
				);
				GCC_WARN_64_TO_32_BIT_CONVERSION = YES;
				GCC_WARN_ABOUT_RETURN_TYPE = YES_ERROR;
				GCC_WARN_UNDECLARED_SELECTOR = YES;
				GCC_WARN_UNINITIALIZED_AUTOS = YES_AGGRESSIVE;
				GCC_WARN_UNUSED_FUNCTION = YES;
				GCC_WARN_UNUSED_VARIABLE = YES;
				IPHONEOS_DEPLOYMENT_TARGET = 17.0;
				MTL_ENABLE_DEBUG_INFO = INCLUDE_SOURCE;
				MTL_FAST_MATH = YES;
				ONLY_ACTIVE_ARCH = YES;
				SDKROOT = iphoneos;
				SWIFT_ACTIVE_COMPILATION_CONDITIONS = "$(inherited) DEBUG";
				SWIFT_OPTIMIZATION_LEVEL = "-Onone";
			};
			name = Debug;
		};
		AA0000020000000000000002 /* Release */ = {
			isa = XCBuildConfiguration;
			buildSettings = {
				ALWAYS_SEARCH_USER_PATHS = NO;
				ASSETCATALOG_COMPILER_GENERATE_SWIFT_ASSET_SYMBOL_EXTENSIONS = YES;
				CLANG_ANALYZER_NONNULL = YES;
				CLANG_ANALYZER_NUMBER_OBJECT_CONVERSION = YES_AGGRESSIVE;
				CLANG_CXX_LANGUAGE_STANDARD = "gnu++20";
				CLANG_ENABLE_MODULES = YES;
				CLANG_ENABLE_OBJC_ARC = YES;
				CLANG_ENABLE_OBJC_WEAK = YES;
				CLANG_WARN_BLOCK_CAPTURE_AUTORELEASING = YES;
				CLANG_WARN_BOOL_CONVERSION = YES;
				CLANG_WARN_COMMA = YES;
				CLANG_WARN_CONSTANT_CONVERSION = YES;
				CLANG_WARN_DEPRECATED_OBJC_IMPLEMENTATIONS = YES;
				CLANG_WARN_DIRECT_OBJC_ISA_USAGE = YES_ERROR;
				CLANG_WARN_DOCUMENTATION_COMMENTS = YES;
				CLANG_WARN_EMPTY_BODY = YES;
				CLANG_WARN_ENUM_CONVERSION = YES;
				CLANG_WARN_INFINITE_RECURSION = YES;
				CLANG_WARN_INT_CONVERSION = YES;
				CLANG_WARN_NON_LITERAL_NULL_CONVERSION = YES;
				CLANG_WARN_OBJC_IMPLICIT_RETAIN_SELF = YES;
				CLANG_WARN_OBJC_LITERAL_CONVERSION = YES;
				CLANG_WARN_OBJC_ROOT_CLASS = YES_ERROR;
				CLANG_WARN_QUOTED_INCLUDE_IN_FRAMEWORK_HEADER = YES;
				CLANG_WARN_RANGE_LOOP_ANALYSIS = YES;
				CLANG_WARN_STRICT_PROTOTYPES = YES;
				CLANG_WARN_SUSPICIOUS_MOVE = YES;
				CLANG_WARN_UNGUARDED_AVAILABILITY = YES_AGGRESSIVE;
				CLANG_WARN_UNREACHABLE_CODE = YES;
				CLANG_WARN__DUPLICATE_METHOD_MATCH = YES;
				COPY_PHASE_STRIP = NO;
				DEBUG_INFORMATION_FORMAT = "dwarf-with-dsym";
				ENABLE_NS_ASSERTIONS = NO;
				ENABLE_STRICT_OBJC_MSGSEND = YES;
				ENABLE_USER_SCRIPT_SANDBOXING = YES;
				GCC_C_LANGUAGE_STANDARD = gnu17;
				GCC_NO_COMMON_BLOCKS = YES;
				GCC_WARN_64_TO_32_BIT_CONVERSION = YES;
				GCC_WARN_ABOUT_RETURN_TYPE = YES_ERROR;
				GCC_WARN_UNDECLARED_SELECTOR = YES;
				GCC_WARN_UNINITIALIZED_AUTOS = YES_AGGRESSIVE;
				GCC_WARN_UNUSED_FUNCTION = YES;
				GCC_WARN_UNUSED_VARIABLE = YES;
				IPHONEOS_DEPLOYMENT_TARGET = 17.0;
				MTL_ENABLE_DEBUG_INFO = NO;
				MTL_FAST_MATH = YES;
				SDKROOT = iphoneos;
				SWIFT_COMPILATION_MODE = wholemodule;
				VALIDATE_PRODUCT = YES;
			};
			name = Release;
		};
		AB0000010000000000000001 /* Debug */ = {
			isa = XCBuildConfiguration;
			buildSettings = {
				ASSETCATALOG_COMPILER_APPICON_NAME = AppIcon;
				ASSETCATALOG_COMPILER_GLOBAL_ACCENT_COLOR_NAME = AccentColor;
				CODE_SIGN_STYLE = Automatic;
				CURRENT_PROJECT_VERSION = 1;
				DEVELOPMENT_TEAM = 2826M89H2N;
				GENERATE_INFOPLIST_FILE = YES;
				INFOPLIST_FILE = ActiveSpeaker/App/Info.plist;
				INFOPLIST_KEY_NSCameraUsageDescription = "Camera access is needed to detect mouth movement for active speaker detection.";
				INFOPLIST_KEY_NSMicrophoneUsageDescription = "Microphone access is needed for voice activity detection.";
				INFOPLIST_KEY_UIApplicationSceneManifest_Generation = YES;
				INFOPLIST_KEY_UIApplicationSupportsIndirectInputEvents = YES;
				INFOPLIST_KEY_UILaunchScreen_Generation = YES;
				INFOPLIST_KEY_UISupportedInterfaceOrientations_iPad = "UIInterfaceOrientationPortrait UIInterfaceOrientationPortraitUpsideDown UIInterfaceOrientationLandscapeLeft UIInterfaceOrientationLandscapeRight";
				INFOPLIST_KEY_UISupportedInterfaceOrientations_iPhone = UIInterfaceOrientationPortrait;
				LD_RUNPATH_SEARCH_PATHS = (
					"$(inherited)",
					"@executable_path/Frameworks",
				);
				MARKETING_VERSION = 1.0;
				PRODUCT_BUNDLE_IDENTIFIER = com.reflections.ActiveSpeaker;
				PRODUCT_NAME = "$(TARGET_NAME)";
				SWIFT_EMIT_LOC_STRINGS = YES;
				SWIFT_VERSION = 5.0;
				TARGETED_DEVICE_FAMILY = 1;
			};
			name = Debug;
		};
		AB0000020000000000000002 /* Release */ = {
			isa = XCBuildConfiguration;
			buildSettings = {
				ASSETCATALOG_COMPILER_APPICON_NAME = AppIcon;
				ASSETCATALOG_COMPILER_GLOBAL_ACCENT_COLOR_NAME = AccentColor;
				CODE_SIGN_STYLE = Automatic;
				CURRENT_PROJECT_VERSION = 1;
				DEVELOPMENT_TEAM = 2826M89H2N;
				GENERATE_INFOPLIST_FILE = YES;
				INFOPLIST_FILE = ActiveSpeaker/App/Info.plist;
				INFOPLIST_KEY_NSCameraUsageDescription = "Camera access is needed to detect mouth movement for active speaker detection.";
				INFOPLIST_KEY_NSMicrophoneUsageDescription = "Microphone access is needed for voice activity detection.";
				INFOPLIST_KEY_UIApplicationSceneManifest_Generation = YES;
				INFOPLIST_KEY_UIApplicationSupportsIndirectInputEvents = YES;
				INFOPLIST_KEY_UILaunchScreen_Generation = YES;
				INFOPLIST_KEY_UISupportedInterfaceOrientations_iPad = "UIInterfaceOrientationPortrait UIInterfaceOrientationPortraitUpsideDown UIInterfaceOrientationLandscapeLeft UIInterfaceOrientationLandscapeRight";
				INFOPLIST_KEY_UISupportedInterfaceOrientations_iPhone = UIInterfaceOrientationPortrait;
				LD_RUNPATH_SEARCH_PATHS = (
					"$(inherited)",
					"@executable_path/Frameworks",
				);
				MARKETING_VERSION = 1.0;
				PRODUCT_BUNDLE_IDENTIFIER = com.reflections.ActiveSpeaker;
				PRODUCT_NAME = "$(TARGET_NAME)";
				SWIFT_EMIT_LOC_STRINGS = YES;
				SWIFT_VERSION = 5.0;
				TARGETED_DEVICE_FAMILY = 1;
			};
			name = Release;
		};
/* End XCBuildConfiguration section */

/* Begin XCConfigurationList section */
		A80000010000000000000001 /* Build configuration list for PBXProject "ActiveSpeaker" */ = {
			isa = XCConfigurationList;
			buildConfigurations = (
				AA0000010000000000000001 /* Debug */,
				AA0000020000000000000002 /* Release */,
			);
			defaultConfigurationIsVisible = 0;
			defaultConfigurationName = Release;
		};
		A80000030000000000000003 /* Build configuration list for PBXNativeTarget "ActiveSpeaker" */ = {
			isa = XCConfigurationList;
			buildConfigurations = (
				AB0000010000000000000001 /* Debug */,
				AB0000020000000000000002 /* Release */,
			);
			defaultConfigurationIsVisible = 0;
			defaultConfigurationName = Release;
		};
/* End XCConfigurationList section */

/* Begin XCRemoteSwiftPackageReference section */
		7171E3722F6F8F7B0034B4AA /* XCRemoteSwiftPackageReference "onnxruntime-swift-package-manager" */ = {
			isa = XCRemoteSwiftPackageReference;
			repositoryURL = "https://github.com/microsoft/onnxruntime-swift-package-manager";
			requirement = {
				kind = upToNextMajorVersion;
				minimumVersion = 1.24.2;
			};
		};
		7171E37E2F6FA7DC0034B4AA /* XCRemoteSwiftPackageReference "moonshine-swift" */ = {
			isa = XCRemoteSwiftPackageReference;
			repositoryURL = "https://github.com/moonshine-ai/moonshine-swift/";
			requirement = {
				branch = main;
				kind = branch;
			};
		};
/* End XCRemoteSwiftPackageReference section */

/* Begin XCSwiftPackageProductDependency section */
		7171E3732F6F8F7B0034B4AA /* onnxruntime */ = {
			isa = XCSwiftPackageProductDependency;
			package = 7171E3722F6F8F7B0034B4AA /* XCRemoteSwiftPackageReference "onnxruntime-swift-package-manager" */;
			productName = onnxruntime;
		};
		7171E3752F6F8F7B0034B4AA /* onnxruntime_extensions */ = {
			isa = XCSwiftPackageProductDependency;
			package = 7171E3722F6F8F7B0034B4AA /* XCRemoteSwiftPackageReference "onnxruntime-swift-package-manager" */;
			productName = onnxruntime_extensions;
		};
		7171E37F2F6FA7DC0034B4AA /* MoonshineVoice */ = {
			isa = XCSwiftPackageProductDependency;
			package = 7171E37E2F6FA7DC0034B4AA /* XCRemoteSwiftPackageReference "moonshine-swift" */;
			productName = MoonshineVoice;
		};
/* End XCSwiftPackageProductDependency section */
	};
	rootObject = A90000010000000000000001 /* Project object */;
}
